
Microsoft Visual Studio Solution File, Format Version 12.00
# Visual Studio Version 16
VisualStudioVersion = 16.0.32106.194
MinimumVisualStudioVersion = 10.0.40219.1
Project("{8BC9CEB8-8B4A-11D0-8D11-00A0C91BC942}") = "TRPO_Laba_7", "TRPO_Laba_7.vcxproj", "{DF585250-F394-46B7-9AAF-5A8610D11A6E}"
EndProject
Global
	GlobalSection(SolutionConfigurationPlatforms) = preSolution
		Debug|x64 = Debug|x64
		Debug|x86 = Debug|x86
		Release|x64 = Release|x64
		Release|x86 = Release|x86
	EndGlobalSection
	GlobalSection(ProjectConfigurationPlatforms) = postSolution
		{DF585250-F394-46B7-9AAF-5A8610D11A6E}.Debug|x64.ActiveCfg = Debug|x64
		{DF585250-F394-46B7-9AAF-5A8610D11A6E}.Debug|x64.Build.0 = Debug|x64
		{DF585250-F394-46B7-9AAF-5A8610D11A6E}.Debug|x86.ActiveCfg = Debug|Win32
		{DF585250-F394-46B7-9AAF-5A8610D11A6E}.Debug|x86.Build.0 = Debug|Win32
		{DF585250-F394-46B7-9AAF-5A8610D11A6E}.Release|x64.ActiveCfg = Release|x64
		{DF585250-F394-46B7-9AAF-5A8610D11A6E}.Release|x64.Build.0 = Release|x64
		{DF585250-F394-46B7-9AAF-5A8610D11A6E}.Release|x86.ActiveCfg = Release|Win32
		{DF585250-F394-46B7-9AAF-5A8610D11A6E}.Release|x86.Build.0 = Release|Win32
	EndGlobalSection
	GlobalSection(SolutionProperties) = preSolution
		HideSolutionNode = FALSE
	EndGlobalSection
	GlobalSection(ExtensibilityGlobals) = postSolution
		SolutionGuid = {C187A0CA-3176-41CE-BB35-D2D4AD10959D}
	EndGlobalSection
EndGlobal
